
Microsoft Visual Studio Solution File, Format Version 12.00
# Visual Studio Version 16
VisualStudioVersion = 16.0.31613.86
MinimumVisualStudioVersion = 10.0.40219.1
Project("{FAE04EC0-301F-11D3-BF4B-00C04F79EFBC}") = "KaracsonyiJatek2", "KaracsonyiJatek2\KaracsonyiJatek2.csproj", "{88ECAE51-E6B3-4E47-936D-B0BDE518D5E8}"
EndProject
Global
	GlobalSection(SolutionConfigurationPlatforms) = preSolution
		Debug|Any CPU = Debug|Any CPU
		Release|Any CPU = Release|Any CPU
	EndGlobalSection
	GlobalSection(ProjectConfigurationPlatforms) = postSolution
		{88ECAE51-E6B3-4E47-936D-B0BDE518D5E8}.Debug|Any CPU.ActiveCfg = Debug|Any CPU
		{88ECAE51-E6B3-4E47-936D-B0BDE518D5E8}.Debug|Any CPU.Build.0 = Debug|Any CPU
		{88ECAE51-E6B3-4E47-936D-B0BDE518D5E8}.Release|Any CPU.ActiveCfg = Release|Any CPU
		{88ECAE51-E6B3-4E47-936D-B0BDE518D5E8}.Release|Any CPU.Build.0 = Release|Any CPU
	EndGlobalSection
	GlobalSection(SolutionProperties) = preSolution
		HideSolutionNode = FALSE
	EndGlobalSection
	GlobalSection(ExtensibilityGlobals) = postSolution
		SolutionGuid = {2B675439-EC4C-47E4-929F-7A2E93DBB484}
	EndGlobalSection
EndGlobal
